
Microsoft Visual Studio Solution File, Format Version 12.00
# Visual Studio Version 16
VisualStudioVersion = 16.0.34114.132
MinimumVisualStudioVersion = 10.0.40219.1
Project("{9A19103F-16F7-4668-BE54-9A1E7A4F7556}") = "Main", "Main\Main.csproj", "{9C3A57CE-F460-4CD1-AB78-7731331FF335}"
EndProject
Project("{9A19103F-16F7-4668-BE54-9A1E7A4F7556}") = "ViewModel", "ViewModel\ViewModel.csproj", "{1CE45272-29A9-4A24-AABC-A7F58C475C07}"
EndProject
Project("{9A19103F-16F7-4668-BE54-9A1E7A4F7556}") = "PluginLoader", "PluginLoader\PluginLoader.csproj", "{CD4FA0EB-210F-4BD6-9201-CCBFD6294869}"
EndProject
Project("{9A19103F-16F7-4668-BE54-9A1E7A4F7556}") = "Plugin", "Plugin\Plugin.csproj", "{2545D839-93BE-46DB-B94F-82843AD65E3D}"
EndProject
Project("{9A19103F-16F7-4668-BE54-9A1E7A4F7556}") = "ConsolePlugin", "ConsolePlugin\ConsolePlugin.csproj", "{9B6C2897-F437-49E7-9C9A-5131DA4DCC88}"
EndProject
Project("{FAE04EC0-301F-11D3-BF4B-00C04F79EFBC}") = "WindowPlugin", "WindowPlugin\WindowPlugin.csproj", "{4101DE28-C835-49C5-A9F5-A3C7BF95B920}"
EndProject
Project("{2150E333-8FDC-42A3-9474-1A3956D46DE8}") = "Solution Items", "Solution Items", "{F30C194A-48AE-42A3-BC21-1253D6B608EA}"
	ProjectSection(SolutionItems) = preProject
		README.md = README.md
	EndProjectSection
EndProject
Global
	GlobalSection(SolutionConfigurationPlatforms) = preSolution
		Debug|Any CPU = Debug|Any CPU
		Release|Any CPU = Release|Any CPU
	EndGlobalSection
	GlobalSection(ProjectConfigurationPlatforms) = postSolution
		{9C3A57CE-F460-4CD1-AB78-7731331FF335}.Debug|Any CPU.ActiveCfg = Debug|Any CPU
		{9C3A57CE-F460-4CD1-AB78-7731331FF335}.Debug|Any CPU.Build.0 = Debug|Any CPU
		{9C3A57CE-F460-4CD1-AB78-7731331FF335}.Release|Any CPU.ActiveCfg = Release|Any CPU
		{9C3A57CE-F460-4CD1-AB78-7731331FF335}.Release|Any CPU.Build.0 = Release|Any CPU
		{1CE45272-29A9-4A24-AABC-A7F58C475C07}.Debug|Any CPU.ActiveCfg = Debug|Any CPU
		{1CE45272-29A9-4A24-AABC-A7F58C475C07}.Debug|Any CPU.Build.0 = Debug|Any CPU
		{1CE45272-29A9-4A24-AABC-A7F58C475C07}.Release|Any CPU.ActiveCfg = Release|Any CPU
		{1CE45272-29A9-4A24-AABC-A7F58C475C07}.Release|Any CPU.Build.0 = Release|Any CPU
		{CD4FA0EB-210F-4BD6-9201-CCBFD6294869}.Debug|Any CPU.ActiveCfg = Debug|Any CPU
		{CD4FA0EB-210F-4BD6-9201-CCBFD6294869}.Debug|Any CPU.Build.0 = Debug|Any CPU
		{CD4FA0EB-210F-4BD6-9201-CCBFD6294869}.Release|Any CPU.ActiveCfg = Release|Any CPU
		{CD4FA0EB-210F-4BD6-9201-CCBFD6294869}.Release|Any CPU.Build.0 = Release|Any CPU
		{2545D839-93BE-46DB-B94F-82843AD65E3D}.Debug|Any CPU.ActiveCfg = Debug|Any CPU
		{2545D839-93BE-46DB-B94F-82843AD65E3D}.Debug|Any CPU.Build.0 = Debug|Any CPU
		{2545D839-93BE-46DB-B94F-82843AD65E3D}.Release|Any CPU.ActiveCfg = Release|Any CPU
		{2545D839-93BE-46DB-B94F-82843AD65E3D}.Release|Any CPU.Build.0 = Release|Any CPU
		{9B6C2897-F437-49E7-9C9A-5131DA4DCC88}.Debug|Any CPU.ActiveCfg = Debug|Any CPU
		{9B6C2897-F437-49E7-9C9A-5131DA4DCC88}.Debug|Any CPU.Build.0 = Debug|Any CPU
		{9B6C2897-F437-49E7-9C9A-5131DA4DCC88}.Release|Any CPU.ActiveCfg = Release|Any CPU
		{9B6C2897-F437-49E7-9C9A-5131DA4DCC88}.Release|Any CPU.Build.0 = Release|Any CPU
		{4101DE28-C835-49C5-A9F5-A3C7BF95B920}.Debug|Any CPU.ActiveCfg = Debug|Any CPU
		{4101DE28-C835-49C5-A9F5-A3C7BF95B920}.Debug|Any CPU.Build.0 = Debug|Any CPU
		{4101DE28-C835-49C5-A9F5-A3C7BF95B920}.Release|Any CPU.ActiveCfg = Release|Any CPU
		{4101DE28-C835-49C5-A9F5-A3C7BF95B920}.Release|Any CPU.Build.0 = Release|Any CPU
	EndGlobalSection
	GlobalSection(SolutionProperties) = preSolution
		HideSolutionNode = FALSE
	EndGlobalSection
	GlobalSection(ExtensibilityGlobals) = postSolution
		SolutionGuid = {3606A4C6-A889-40B2-85D8-ED613EDB0365}
	EndGlobalSection
EndGlobal
