
Microsoft Visual Studio Solution File, Format Version 12.00
# Visual Studio Version 17
VisualStudioVersion = 17.14.36717.8
MinimumVisualStudioVersion = 10.0.40219.1
Project("{9A19103F-16F7-4668-BE54-9A1E7A4F7556}") = "Main", "Main\Main.csproj", "{9C3A57CE-F460-4CD1-AB78-7731331FF335}"
EndProject
Project("{2150E333-8FDC-42A3-9474-1A3956D46DE8}") = "Solution Items", "Solution Items", "{F30C194A-48AE-42A3-BC21-1253D6B608EA}"
	ProjectSection(SolutionItems) = preProject
		License.txt = License.txt
		README.md = README.md
	EndProjectSection
EndProject
Project("{9A19103F-16F7-4668-BE54-9A1E7A4F7556}") = "ViewModel", "ViewModel\ViewModel.csproj", "{4D1B64CE-5FEC-4E60-8CED-8C98B4790509}"
EndProject
Project("{9A19103F-16F7-4668-BE54-9A1E7A4F7556}") = "PluginLoader", "PluginLoader\PluginLoader.csproj", "{D2486B0B-8E45-4F00-A9C9-A0DEEF98D308}"
EndProject
Project("{FAE04EC0-301F-11D3-BF4B-00C04F79EFBC}") = "PrototypSample", "PrototypSample\PrototypSample.csproj", "{CC157321-8053-43B7-A6E4-708F2FE1466A}"
EndProject
Project("{FAE04EC0-301F-11D3-BF4B-00C04F79EFBC}") = "Plugins", "Plugins\Plugins.csproj", "{466858DD-9DD7-431B-8802-B3614FC57978}"
EndProject
Global
	GlobalSection(SolutionConfigurationPlatforms) = preSolution
		Debug|Any CPU = Debug|Any CPU
		Release|Any CPU = Release|Any CPU
	EndGlobalSection
	GlobalSection(ProjectConfigurationPlatforms) = postSolution
		{9C3A57CE-F460-4CD1-AB78-7731331FF335}.Debug|Any CPU.ActiveCfg = Debug|Any CPU
		{9C3A57CE-F460-4CD1-AB78-7731331FF335}.Debug|Any CPU.Build.0 = Debug|Any CPU
		{9C3A57CE-F460-4CD1-AB78-7731331FF335}.Release|Any CPU.ActiveCfg = Release|Any CPU
		{9C3A57CE-F460-4CD1-AB78-7731331FF335}.Release|Any CPU.Build.0 = Release|Any CPU
		{4D1B64CE-5FEC-4E60-8CED-8C98B4790509}.Debug|Any CPU.ActiveCfg = Debug|Any CPU
		{4D1B64CE-5FEC-4E60-8CED-8C98B4790509}.Debug|Any CPU.Build.0 = Debug|Any CPU
		{4D1B64CE-5FEC-4E60-8CED-8C98B4790509}.Release|Any CPU.ActiveCfg = Release|Any CPU
		{4D1B64CE-5FEC-4E60-8CED-8C98B4790509}.Release|Any CPU.Build.0 = Release|Any CPU
		{D2486B0B-8E45-4F00-A9C9-A0DEEF98D308}.Debug|Any CPU.ActiveCfg = Debug|Any CPU
		{D2486B0B-8E45-4F00-A9C9-A0DEEF98D308}.Debug|Any CPU.Build.0 = Debug|Any CPU
		{D2486B0B-8E45-4F00-A9C9-A0DEEF98D308}.Release|Any CPU.ActiveCfg = Release|Any CPU
		{D2486B0B-8E45-4F00-A9C9-A0DEEF98D308}.Release|Any CPU.Build.0 = Release|Any CPU
		{CC157321-8053-43B7-A6E4-708F2FE1466A}.Debug|Any CPU.ActiveCfg = Debug|Any CPU
		{CC157321-8053-43B7-A6E4-708F2FE1466A}.Debug|Any CPU.Build.0 = Debug|Any CPU
		{CC157321-8053-43B7-A6E4-708F2FE1466A}.Release|Any CPU.ActiveCfg = Release|Any CPU
		{CC157321-8053-43B7-A6E4-708F2FE1466A}.Release|Any CPU.Build.0 = Release|Any CPU
		{466858DD-9DD7-431B-8802-B3614FC57978}.Debug|Any CPU.ActiveCfg = Debug|Any CPU
		{466858DD-9DD7-431B-8802-B3614FC57978}.Debug|Any CPU.Build.0 = Debug|Any CPU
		{466858DD-9DD7-431B-8802-B3614FC57978}.Release|Any CPU.ActiveCfg = Release|Any CPU
		{466858DD-9DD7-431B-8802-B3614FC57978}.Release|Any CPU.Build.0 = Release|Any CPU
	EndGlobalSection
	GlobalSection(SolutionProperties) = preSolution
		HideSolutionNode = FALSE
	EndGlobalSection
	GlobalSection(ExtensibilityGlobals) = postSolution
		SolutionGuid = {3606A4C6-A889-40B2-85D8-ED613EDB0365}
	EndGlobalSection
EndGlobal
